
Microsoft Visual Studio Solution File, Format Version 12.00
# Visual Studio Version 16
VisualStudioVersion = 16.0.29306.81
MinimumVisualStudioVersion = 10.0.40219.1
Project("{FAE04EC0-301F-11D3-BF4B-00C04F79EFBC}") = "SendInputKeyCommands", "SendInputKeyCommands\SendInputKeyCommands.csproj", "{7760F5A9-58A8-4369-9F8A-6883FA27C611}"
EndProject
Global
	GlobalSection(SolutionConfigurationPlatforms) = preSolution
		Debug|Any CPU = Debug|Any CPU
		Release|Any CPU = Release|Any CPU
	EndGlobalSection
	GlobalSection(ProjectConfigurationPlatforms) = postSolution
		{7760F5A9-58A8-4369-9F8A-6883FA27C611}.Debug|Any CPU.ActiveCfg = Debug|Any CPU
		{7760F5A9-58A8-4369-9F8A-6883FA27C611}.Debug|Any CPU.Build.0 = Debug|Any CPU
		{7760F5A9-58A8-4369-9F8A-6883FA27C611}.Release|Any CPU.ActiveCfg = Release|Any CPU
		{7760F5A9-58A8-4369-9F8A-6883FA27C611}.Release|Any CPU.Build.0 = Release|Any CPU
	EndGlobalSection
	GlobalSection(SolutionProperties) = preSolution
		HideSolutionNode = FALSE
	EndGlobalSection
	GlobalSection(ExtensibilityGlobals) = postSolution
		SolutionGuid = {083BB563-313E-4740-9D33-7DC84B7ABE75}
	EndGlobalSection
EndGlobal
